// !$*UTF8*$!
{
	archiveVersion = 1;
	classes = {
	};
	objectVersion = 56;
	objects = {

/* Begin PBXBuildFile section */
		229FADF72CD4E535007907F5 /* ReverseProxy.h in Headers */ = {isa = PBXBuildFile; fileRef = 229FADF62CD4E535007907F5 /* ReverseProxy.h */; settings = {ATTRIBUTES = (Public, ); }; };
		229FAE042CD4E597007907F5 /* connect.h in Headers */ = {isa = PBXBuildFile; fileRef = 229FADFE2CD4E597007907F5 /* connect.h */; };
		229FAE052CD4E597007907F5 /* connect.c in Sources */ = {isa = PBXBuildFile; fileRef = 229FADFF2CD4E597007907F5 /* connect.c */; };
		229FAE062CD4E597007907F5 /* buffer.c in Sources */ = {isa = PBXBuildFile; fileRef = 229FAE012CD4E597007907F5 /* buffer.c */; };
		229FAE072CD4E597007907F5 /* buffer.h in Headers */ = {isa = PBXBuildFile; fileRef = 229FAE022CD4E597007907F5 /* buffer.h */; };
		229FAE082CD4E597007907F5 /* dbg.h in Headers */ = {isa = PBXBuildFile; fileRef = 229FAE032CD4E597007907F5 /* dbg.h */; };
		229FAE102CD4E5A2007907F5 /* test.c in Sources */ = {isa = PBXBuildFile; fileRef = 229FAE092CD4E5A2007907F5 /* test.c */; };
		229FAE112CD4E5A2007907F5 /* xml.h in Headers */ = {isa = PBXBuildFile; fileRef = 229FAE0A2CD4E5A2007907F5 /* xml.h */; };
		229FAE122CD4E5A2007907F5 /* md5.c in Sources */ = {isa = PBXBuildFile; fileRef = 229FAE0B2CD4E5A2007907F5 /* md5.c */; };
		229FAE132CD4E5A2007907F5 /* rp.c in Sources */ = {isa = PBXBuildFile; fileRef = 229FAE0C2CD4E5A2007907F5 /* rp.c */; };
		229FAE142CD4E5A2007907F5 /* xml.c in Sources */ = {isa = PBXBuildFile; fileRef = 229FAE0D2CD4E5A2007907F5 /* xml.c */; };
		229FAE152CD4E5A2007907F5 /* md5.h in Headers */ = {isa = PBXBuildFile; fileRef = 229FAE0E2CD4E5A2007907F5 /* md5.h */; };
		229FAE162CD4E5A2007907F5 /* rp.h in Headers */ = {isa = PBXBuildFile; fileRef = 229FAE0F2CD4E5A2007907F5 /* rp.h */; settings = {ATTRIBUTES = (Public, ); }; };
/* End PBXBuildFile section */

/* Begin PBXFileReference section */
		229FADF32CD4E535007907F5 /* ReverseProxy.framework */ = {isa = PBXFileReference; explicitFileType = wrapper.framework; includeInIndex = 0; path = ReverseProxy.framework; sourceTree = BUILT_PRODUCTS_DIR; };
		229FADF62CD4E535007907F5 /* ReverseProxy.h */ = {isa = PBXFileReference; lastKnownFileType = sourcecode.c.h; path = ReverseProxy.h; sourceTree = "<group>"; };
		229FADFE2CD4E597007907F5 /* connect.h */ = {isa = PBXFileReference; fileEncoding = 4; lastKnownFileType = sourcecode.c.h; path = connect.h; sourceTree = "<group>"; };
		229FADFF2CD4E597007907F5 /* connect.c */ = {isa = PBXFileReference; fileEncoding = 4; lastKnownFileType = sourcecode.c.c; path = connect.c; sourceTree = "<group>"; };
		229FAE012CD4E597007907F5 /* buffer.c */ = {isa = PBXFileReference; fileEncoding = 4; lastKnownFileType = sourcecode.c.c; path = buffer.c; sourceTree = "<group>"; };
		229FAE022CD4E597007907F5 /* buffer.h */ = {isa = PBXFileReference; fileEncoding = 4; lastKnownFileType = sourcecode.c.h; path = buffer.h; sourceTree = "<group>"; };
		229FAE032CD4E597007907F5 /* dbg.h */ = {isa = PBXFileReference; fileEncoding = 4; lastKnownFileType = sourcecode.c.h; path = dbg.h; sourceTree = "<group>"; };
		229FAE092CD4E5A2007907F5 /* test.c */ = {isa = PBXFileReference; fileEncoding = 4; lastKnownFileType = sourcecode.c.c; name = test.c; path = c/test.c; sourceTree = SOURCE_ROOT; };
		229FAE0A2CD4E5A2007907F5 /* xml.h */ = {isa = PBXFileReference; fileEncoding = 4; lastKnownFileType = sourcecode.c.h; name = xml.h; path = c/xml.h; sourceTree = SOURCE_ROOT; };
		229FAE0B2CD4E5A2007907F5 /* md5.c */ = {isa = PBXFileReference; fileEncoding = 4; lastKnownFileType = sourcecode.c.c; name = md5.c; path = c/md5.c; sourceTree = SOURCE_ROOT; };
		229FAE0C2CD4E5A2007907F5 /* rp.c */ = {isa = PBXFileReference; fileEncoding = 4; lastKnownFileType = sourcecode.c.c; name = rp.c; path = c/rp.c; sourceTree = SOURCE_ROOT; };
		229FAE0D2CD4E5A2007907F5 /* xml.c */ = {isa = PBXFileReference; fileEncoding = 4; lastKnownFileType = sourcecode.c.c; name = xml.c; path = c/xml.c; sourceTree = SOURCE_ROOT; };
		229FAE0E2CD4E5A2007907F5 /* md5.h */ = {isa = PBXFileReference; fileEncoding = 4; lastKnownFileType = sourcecode.c.h; name = md5.h; path = c/md5.h; sourceTree = SOURCE_ROOT; };
		229FAE0F2CD4E5A2007907F5 /* rp.h */ = {isa = PBXFileReference; fileEncoding = 4; lastKnownFileType = sourcecode.c.h; name = rp.h; path = c/rp.h; sourceTree = SOURCE_ROOT; };
/* End PBXFileReference section */

/* Begin PBXFrameworksBuildPhase section */
		229FADF02CD4E535007907F5 /* Frameworks */ = {
			isa = PBXFrameworksBuildPhase;
			buildActionMask = 2147483647;
			files = (
			);
			runOnlyForDeploymentPostprocessing = 0;
		};
/* End PBXFrameworksBuildPhase section */

/* Begin PBXGroup section */
		229FADE92CD4E535007907F5 = {
			isa = PBXGroup;
			children = (
				229FADF52CD4E535007907F5 /* ReverseProxy */,
				229FADF42CD4E535007907F5 /* Products */,
			);
			sourceTree = "<group>";
		};
		229FADF42CD4E535007907F5 /* Products */ = {
			isa = PBXGroup;
			children = (
				229FADF32CD4E535007907F5 /* ReverseProxy.framework */,
			);
			name = Products;
			sourceTree = "<group>";
		};
		229FADF52CD4E535007907F5 /* ReverseProxy */ = {
			isa = PBXGroup;
			children = (
				229FAE0B2CD4E5A2007907F5 /* md5.c */,
				229FAE0E2CD4E5A2007907F5 /* md5.h */,
				229FAE0C2CD4E5A2007907F5 /* rp.c */,
				229FAE0F2CD4E5A2007907F5 /* rp.h */,
				229FAE092CD4E5A2007907F5 /* test.c */,
				229FAE0D2CD4E5A2007907F5 /* xml.c */,
				229FAE0A2CD4E5A2007907F5 /* xml.h */,
				229FAE002CD4E597007907F5 /* buffer */,
				229FADFD2CD4E597007907F5 /* http */,
				229FADF62CD4E535007907F5 /* ReverseProxy.h */,
			);
			path = ReverseProxy;
			sourceTree = "<group>";
		};
		229FADFD2CD4E597007907F5 /* http */ = {
			isa = PBXGroup;
			children = (
				229FADFE2CD4E597007907F5 /* connect.h */,
				229FADFF2CD4E597007907F5 /* connect.c */,
			);
			name = http;
			path = c/http;
			sourceTree = SOURCE_ROOT;
		};
		229FAE002CD4E597007907F5 /* buffer */ = {
			isa = PBXGroup;
			children = (
				229FAE012CD4E597007907F5 /* buffer.c */,
				229FAE022CD4E597007907F5 /* buffer.h */,
				229FAE032CD4E597007907F5 /* dbg.h */,
			);
			name = buffer;
			path = c/buffer;
			sourceTree = SOURCE_ROOT;
		};
/* End PBXGroup section */

/* Begin PBXHeadersBuildPhase section */
		229FADEE2CD4E535007907F5 /* Headers */ = {
			isa = PBXHeadersBuildPhase;
			buildActionMask = 2147483647;
			files = (
				229FAE162CD4E5A2007907F5 /* rp.h in Headers */,
				229FAE112CD4E5A2007907F5 /* xml.h in Headers */,
				229FAE082CD4E597007907F5 /* dbg.h in Headers */,
				229FADF72CD4E535007907F5 /* ReverseProxy.h in Headers */,
				229FAE152CD4E5A2007907F5 /* md5.h in Headers */,
				229FAE042CD4E597007907F5 /* connect.h in Headers */,
				229FAE072CD4E597007907F5 /* buffer.h in Headers */,
			);
			runOnlyForDeploymentPostprocessing = 0;
		};
/* End PBXHeadersBuildPhase section */

/* Begin PBXNativeTarget section */
		229FADF22CD4E535007907F5 /* ReverseProxy */ = {
			isa = PBXNativeTarget;
			buildConfigurationList = 229FADFA2CD4E535007907F5 /* Build configuration list for PBXNativeTarget "ReverseProxy" */;
			buildPhases = (
				229FADEE2CD4E535007907F5 /* Headers */,
				229FADEF2CD4E535007907F5 /* Sources */,
				229FADF02CD4E535007907F5 /* Frameworks */,
				229FADF12CD4E535007907F5 /* Resources */,
			);
			buildRules = (
			);
			dependencies = (
			);
			name = ReverseProxy;
			productName = ReverseProxy;
			productReference = 229FADF32CD4E535007907F5 /* ReverseProxy.framework */;
			productType = "com.apple.product-type.framework";
		};
/* End PBXNativeTarget section */

/* Begin PBXProject section */
		229FADEA2CD4E535007907F5 /* Project object */ = {
			isa = PBXProject;
			attributes = {
				BuildIndependentTargetsInParallel = 1;
				LastUpgradeCheck = 1520;
				TargetAttributes = {
					229FADF22CD4E535007907F5 = {
						CreatedOnToolsVersion = 15.2;
					};
				};
			};
			buildConfigurationList = 229FADED2CD4E535007907F5 /* Build configuration list for PBXProject "ReverseProxy" */;
			compatibilityVersion = "Xcode 14.0";
			developmentRegion = en;
			hasScannedForEncodings = 0;
			knownRegions = (
				en,
				Base,
			);
			mainGroup = 229FADE92CD4E535007907F5;
			productRefGroup = 229FADF42CD4E535007907F5 /* Products */;
			projectDirPath = "";
			projectRoot = "";
			targets = (
				229FADF22CD4E535007907F5 /* ReverseProxy */,
			);
		};
/* End PBXProject section */

/* Begin PBXResourcesBuildPhase section */
		229FADF12CD4E535007907F5 /* Resources */ = {
			isa = PBXResourcesBuildPhase;
			buildActionMask = 2147483647;
			files = (
			);
			runOnlyForDeploymentPostprocessing = 0;
		};
/* End PBXResourcesBuildPhase section */

/* Begin PBXSourcesBuildPhase section */
		229FADEF2CD4E535007907F5 /* Sources */ = {
			isa = PBXSourcesBuildPhase;
			buildActionMask = 2147483647;
			files = (
				229FAE122CD4E5A2007907F5 /* md5.c in Sources */,
				229FAE102CD4E5A2007907F5 /* test.c in Sources */,
				229FAE132CD4E5A2007907F5 /* rp.c in Sources */,
				229FAE142CD4E5A2007907F5 /* xml.c in Sources */,
				229FAE052CD4E597007907F5 /* connect.c in Sources */,
				229FAE062CD4E597007907F5 /* buffer.c in Sources */,
			);
			runOnlyForDeploymentPostprocessing = 0;
		};
/* End PBXSourcesBuildPhase section */

/* Begin XCBuildConfiguration section */
		229FADF82CD4E535007907F5 /* Debug */ = {
			isa = XCBuildConfiguration;
			buildSettings = {
				ALWAYS_SEARCH_USER_PATHS = NO;
				ASSETCATALOG_COMPILER_GENERATE_SWIFT_ASSET_SYMBOL_EXTENSIONS = YES;
				CLANG_ANALYZER_NONNULL = YES;
				CLANG_ANALYZER_NUMBER_OBJECT_CONVERSION = YES_AGGRESSIVE;
				CLANG_CXX_LANGUAGE_STANDARD = "gnu++20";
				CLANG_ENABLE_MODULES = YES;
				CLANG_ENABLE_OBJC_ARC = YES;
				CLANG_ENABLE_OBJC_WEAK = YES;
				CLANG_WARN_BLOCK_CAPTURE_AUTORELEASING = YES;
				CLANG_WARN_BOOL_CONVERSION = YES;
				CLANG_WARN_COMMA = YES;
				CLANG_WARN_CONSTANT_CONVERSION = YES;
				CLANG_WARN_DEPRECATED_OBJC_IMPLEMENTATIONS = YES;
				CLANG_WARN_DIRECT_OBJC_ISA_USAGE = YES_ERROR;
				CLANG_WARN_DOCUMENTATION_COMMENTS = YES;
				CLANG_WARN_EMPTY_BODY = YES;
				CLANG_WARN_ENUM_CONVERSION = YES;
				CLANG_WARN_INFINITE_RECURSION = YES;
				CLANG_WARN_INT_CONVERSION = YES;
				CLANG_WARN_NON_LITERAL_NULL_CONVERSION = YES;
				CLANG_WARN_OBJC_IMPLICIT_RETAIN_SELF = YES;
				CLANG_WARN_OBJC_LITERAL_CONVERSION = YES;
				CLANG_WARN_OBJC_ROOT_CLASS = YES_ERROR;
				CLANG_WARN_QUOTED_INCLUDE_IN_FRAMEWORK_HEADER = YES;
				CLANG_WARN_RANGE_LOOP_ANALYSIS = YES;
				CLANG_WARN_STRICT_PROTOTYPES = YES;
				CLANG_WARN_SUSPICIOUS_MOVE = YES;
				CLANG_WARN_UNGUARDED_AVAILABILITY = YES_AGGRESSIVE;
				CLANG_WARN_UNREACHABLE_CODE = YES;
				CLANG_WARN__DUPLICATE_METHOD_MATCH = YES;
				COPY_PHASE_STRIP = NO;
				CURRENT_PROJECT_VERSION = 1;
				DEBUG_INFORMATION_FORMAT = dwarf;
				ENABLE_STRICT_OBJC_MSGSEND = YES;
				ENABLE_TESTABILITY = YES;
				ENABLE_USER_SCRIPT_SANDBOXING = YES;
				GCC_C_LANGUAGE_STANDARD = gnu17;
				GCC_DYNAMIC_NO_PIC = NO;
				GCC_NO_COMMON_BLOCKS = YES;
				GCC_OPTIMIZATION_LEVEL = 0;
				GCC_PREPROCESSOR_DEFINITIONS = (
					"DEBUG=1",
					"$(inherited)",
				);
				GCC_WARN_64_TO_32_BIT_CONVERSION = YES;
				GCC_WARN_ABOUT_RETURN_TYPE = YES_ERROR;
				GCC_WARN_UNDECLARED_SELECTOR = YES;
				GCC_WARN_UNINITIALIZED_AUTOS = YES_AGGRESSIVE;
				GCC_WARN_UNUSED_FUNCTION = YES;
				GCC_WARN_UNUSED_VARIABLE = YES;
				IPHONEOS_DEPLOYMENT_TARGET = 17.2;
				LOCALIZATION_PREFERS_STRING_CATALOGS = YES;
				MTL_ENABLE_DEBUG_INFO = INCLUDE_SOURCE;
				MTL_FAST_MATH = YES;
				ONLY_ACTIVE_ARCH = YES;
				SDKROOT = iphoneos;
				VERSIONING_SYSTEM = "apple-generic";
				VERSION_INFO_PREFIX = "";
			};
			name = Debug;
		};
		229FADF92CD4E535007907F5 /* Release */ = {
			isa = XCBuildConfiguration;
			buildSettings = {
				ALWAYS_SEARCH_USER_PATHS = NO;
				ASSETCATALOG_COMPILER_GENERATE_SWIFT_ASSET_SYMBOL_EXTENSIONS = YES;
				CLANG_ANALYZER_NONNULL = YES;
				CLANG_ANALYZER_NUMBER_OBJECT_CONVERSION = YES_AGGRESSIVE;
				CLANG_CXX_LANGUAGE_STANDARD = "gnu++20";
				CLANG_ENABLE_MODULES = YES;
				CLANG_ENABLE_OBJC_ARC = YES;
				CLANG_ENABLE_OBJC_WEAK = YES;
				CLANG_WARN_BLOCK_CAPTURE_AUTORELEASING = YES;
				CLANG_WARN_BOOL_CONVERSION = YES;
				CLANG_WARN_COMMA = YES;
				CLANG_WARN_CONSTANT_CONVERSION = YES;
				CLANG_WARN_DEPRECATED_OBJC_IMPLEMENTATIONS = YES;
				CLANG_WARN_DIRECT_OBJC_ISA_USAGE = YES_ERROR;
				CLANG_WARN_DOCUMENTATION_COMMENTS = YES;
				CLANG_WARN_EMPTY_BODY = YES;
				CLANG_WARN_ENUM_CONVERSION = YES;
				CLANG_WARN_INFINITE_RECURSION = YES;
				CLANG_WARN_INT_CONVERSION = YES;
				CLANG_WARN_NON_LITERAL_NULL_CONVERSION = YES;
				CLANG_WARN_OBJC_IMPLICIT_RETAIN_SELF = YES;
				CLANG_WARN_OBJC_LITERAL_CONVERSION = YES;
				CLANG_WARN_OBJC_ROOT_CLASS = YES_ERROR;
				CLANG_WARN_QUOTED_INCLUDE_IN_FRAMEWORK_HEADER = YES;
				CLANG_WARN_RANGE_LOOP_ANALYSIS = YES;
				CLANG_WARN_STRICT_PROTOTYPES = YES;
				CLANG_WARN_SUSPICIOUS_MOVE = YES;
				CLANG_WARN_UNGUARDED_AVAILABILITY = YES_AGGRESSIVE;
				CLANG_WARN_UNREACHABLE_CODE = YES;
				CLANG_WARN__DUPLICATE_METHOD_MATCH = YES;
				COPY_PHASE_STRIP = NO;
				CURRENT_PROJECT_VERSION = 1;
				DEBUG_INFORMATION_FORMAT = "dwarf-with-dsym";
				ENABLE_NS_ASSERTIONS = NO;
				ENABLE_STRICT_OBJC_MSGSEND = YES;
				ENABLE_USER_SCRIPT_SANDBOXING = YES;
				GCC_C_LANGUAGE_STANDARD = gnu17;
				GCC_NO_COMMON_BLOCKS = YES;
				GCC_WARN_64_TO_32_BIT_CONVERSION = YES;
				GCC_WARN_ABOUT_RETURN_TYPE = YES_ERROR;
				GCC_WARN_UNDECLARED_SELECTOR = YES;
				GCC_WARN_UNINITIALIZED_AUTOS = YES_AGGRESSIVE;
				GCC_WARN_UNUSED_FUNCTION = YES;
				GCC_WARN_UNUSED_VARIABLE = YES;
				IPHONEOS_DEPLOYMENT_TARGET = 17.2;
				LOCALIZATION_PREFERS_STRING_CATALOGS = YES;
				MTL_ENABLE_DEBUG_INFO = NO;
				MTL_FAST_MATH = YES;
				SDKROOT = iphoneos;
				VALIDATE_PRODUCT = YES;
				VERSIONING_SYSTEM = "apple-generic";
				VERSION_INFO_PREFIX = "";
			};
			name = Release;
		};
		229FADFB2CD4E535007907F5 /* Debug */ = {
			isa = XCBuildConfiguration;
			buildSettings = {
				CODE_SIGN_STYLE = Automatic;
				CURRENT_PROJECT_VERSION = 1;
				DEFINES_MODULE = YES;
				DEVELOPMENT_TEAM = 5SJLXVCAHF;
				DYLIB_COMPATIBILITY_VERSION = 1;
				DYLIB_CURRENT_VERSION = 1;
				DYLIB_INSTALL_NAME_BASE = "@rpath";
				ENABLE_MODULE_VERIFIER = YES;
				GENERATE_INFOPLIST_FILE = YES;
				INFOPLIST_KEY_NSHumanReadableCopyright = "";
				INSTALL_PATH = "$(LOCAL_LIBRARY_DIR)/Frameworks";
				LD_RUNPATH_SEARCH_PATHS = (
					"$(inherited)",
					"@executable_path/Frameworks",
					"@loader_path/Frameworks",
				);
				MACH_O_TYPE = staticlib;
				MARKETING_VERSION = 1.0;
				MODULE_VERIFIER_SUPPORTED_LANGUAGES = "objective-c objective-c++";
				MODULE_VERIFIER_SUPPORTED_LANGUAGE_STANDARDS = "gnu17 gnu++20";
				PRODUCT_BUNDLE_IDENTIFIER = com.github.zhkl0228.ReverseProxy;
				PRODUCT_NAME = "$(TARGET_NAME:c99extidentifier)";
				SKIP_INSTALL = YES;
				SWIFT_EMIT_LOC_STRINGS = YES;
				TARGETED_DEVICE_FAMILY = "1,2";
			};
			name = Debug;
		};
		229FADFC2CD4E535007907F5 /* Release */ = {
			isa = XCBuildConfiguration;
			buildSettings = {
				CODE_SIGN_STYLE = Automatic;
				CURRENT_PROJECT_VERSION = 1;
				DEFINES_MODULE = YES;
				DEVELOPMENT_TEAM = 5SJLXVCAHF;
				DYLIB_COMPATIBILITY_VERSION = 1;
				DYLIB_CURRENT_VERSION = 1;
				DYLIB_INSTALL_NAME_BASE = "@rpath";
				ENABLE_MODULE_VERIFIER = YES;
				GENERATE_INFOPLIST_FILE = YES;
				INFOPLIST_KEY_NSHumanReadableCopyright = "";
				INSTALL_PATH = "$(LOCAL_LIBRARY_DIR)/Frameworks";
				LD_RUNPATH_SEARCH_PATHS = (
					"$(inherited)",
					"@executable_path/Frameworks",
					"@loader_path/Frameworks",
				);
				MACH_O_TYPE = staticlib;
				MARKETING_VERSION = 1.0;
				MODULE_VERIFIER_SUPPORTED_LANGUAGES = "objective-c objective-c++";
				MODULE_VERIFIER_SUPPORTED_LANGUAGE_STANDARDS = "gnu17 gnu++20";
				PRODUCT_BUNDLE_IDENTIFIER = com.github.zhkl0228.ReverseProxy;
				PRODUCT_NAME = "$(TARGET_NAME:c99extidentifier)";
				SKIP_INSTALL = YES;
				SWIFT_EMIT_LOC_STRINGS = YES;
				TARGETED_DEVICE_FAMILY = "1,2";
			};
			name = Release;
		};
/* End XCBuildConfiguration section */

/* Begin XCConfigurationList section */
		229FADED2CD4E535007907F5 /* Build configuration list for PBXProject "ReverseProxy" */ = {
			isa = XCConfigurationList;
			buildConfigurations = (
				229FADF82CD4E535007907F5 /* Debug */,
				229FADF92CD4E535007907F5 /* Release */,
			);
			defaultConfigurationIsVisible = 0;
			defaultConfigurationName = Release;
		};
		229FADFA2CD4E535007907F5 /* Build configuration list for PBXNativeTarget "ReverseProxy" */ = {
			isa = XCConfigurationList;
			buildConfigurations = (
				229FADFB2CD4E535007907F5 /* Debug */,
				229FADFC2CD4E535007907F5 /* Release */,
			);
			defaultConfigurationIsVisible = 0;
			defaultConfigurationName = Release;
		};
/* End XCConfigurationList section */
	};
	rootObject = 229FADEA2CD4E535007907F5 /* Project object */;
}
